
Microsoft Visual Studio Solution File, Format Version 12.00
# Visual Studio Version 17
VisualStudioVersion = 17.8.34330.188
MinimumVisualStudioVersion = 10.0.40219.1
Project("{9A19103F-16F7-4668-BE54-9A1E7A4F7556}") = "OstravaWeatherAPI", "OstravaWeatherAPI\OstravaWeatherAPI.csproj", "{3CAD8DAF-EAD7-4017-8189-5D9E98A4D613}"
EndProject
Project("{FAE04EC0-301F-11D3-BF4B-00C04F79EFBC}") = "OstravaWeatherAPI_BAL", "OstravaWeatherAPI_BAL\OstravaWeatherAPI_BAL.csproj", "{EC04F5B9-ECEE-4CEA-89E3-A65D67AABC03}"
EndProject
Project("{FAE04EC0-301F-11D3-BF4B-00C04F79EFBC}") = "OstravaWeatherAPI_DAL", "OstravaWeatherAPI_DAL\OstravaWeatherAPI_DAL.csproj", "{6D81E9E0-B160-4F35-AB55-E597062A4F05}"
EndProject
Global
	GlobalSection(SolutionConfigurationPlatforms) = preSolution
		Debug|Any CPU = Debug|Any CPU
		Release|Any CPU = Release|Any CPU
	EndGlobalSection
	GlobalSection(ProjectConfigurationPlatforms) = postSolution
		{3CAD8DAF-EAD7-4017-8189-5D9E98A4D613}.Debug|Any CPU.ActiveCfg = Debug|Any CPU
		{3CAD8DAF-EAD7-4017-8189-5D9E98A4D613}.Debug|Any CPU.Build.0 = Debug|Any CPU
		{3CAD8DAF-EAD7-4017-8189-5D9E98A4D613}.Release|Any CPU.ActiveCfg = Release|Any CPU
		{3CAD8DAF-EAD7-4017-8189-5D9E98A4D613}.Release|Any CPU.Build.0 = Release|Any CPU
		{EC04F5B9-ECEE-4CEA-89E3-A65D67AABC03}.Debug|Any CPU.ActiveCfg = Debug|Any CPU
		{EC04F5B9-ECEE-4CEA-89E3-A65D67AABC03}.Debug|Any CPU.Build.0 = Debug|Any CPU
		{EC04F5B9-ECEE-4CEA-89E3-A65D67AABC03}.Release|Any CPU.ActiveCfg = Release|Any CPU
		{EC04F5B9-ECEE-4CEA-89E3-A65D67AABC03}.Release|Any CPU.Build.0 = Release|Any CPU
		{6D81E9E0-B160-4F35-AB55-E597062A4F05}.Debug|Any CPU.ActiveCfg = Debug|Any CPU
		{6D81E9E0-B160-4F35-AB55-E597062A4F05}.Debug|Any CPU.Build.0 = Debug|Any CPU
		{6D81E9E0-B160-4F35-AB55-E597062A4F05}.Release|Any CPU.ActiveCfg = Release|Any CPU
		{6D81E9E0-B160-4F35-AB55-E597062A4F05}.Release|Any CPU.Build.0 = Release|Any CPU
	EndGlobalSection
	GlobalSection(SolutionProperties) = preSolution
		HideSolutionNode = FALSE
	EndGlobalSection
	GlobalSection(ExtensibilityGlobals) = postSolution
		SolutionGuid = {A7C39CB4-E4E3-43BA-8F95-6E93D836E0BC}
	EndGlobalSection
EndGlobal
